
Microsoft Visual Studio Solution File, Format Version 12.00
# Visual Studio 15
VisualStudioVersion = 15.0.28307.168
MinimumVisualStudioVersion = 10.0.40219.1
Project("{9A19103F-16F7-4668-BE54-9A1E7A4F7556}") = "SmartHome.Portal", "SmartHome.Portal\SmartHome.Portal.csproj", "{BAFBEC6D-3CEA-418B-80A5-140204C6CE11}"
EndProject
Project("{E53339B2-1760-4266-BCC7-CA923CBCF16C}") = "docker-compose", "docker-compose.dcproj", "{7BBFD16A-06F0-4DC9-AA8B-2DF7CA0B1745}"
EndProject
Project("{9A19103F-16F7-4668-BE54-9A1E7A4F7556}") = "SmartHome.Portal.Domain.Telemetry", "SmartHome.Portal.Domain.Telemetry\SmartHome.Portal.Domain.Telemetry.csproj", "{1EDF6CF9-DC02-4F55-8211-9BD8159976D8}"
EndProject
Project("{9A19103F-16F7-4668-BE54-9A1E7A4F7556}") = "SmartHome.Portal.Infra.Telemetry", "SmartHome.Portal.Infra.Telemetry\SmartHome.Portal.Infra.Telemetry.csproj", "{C73950CB-9312-449B-A9B7-7CF035AFCDE4}"
EndProject
Global
	GlobalSection(SolutionConfigurationPlatforms) = preSolution
		Debug|Any CPU = Debug|Any CPU
		Release|Any CPU = Release|Any CPU
	EndGlobalSection
	GlobalSection(ProjectConfigurationPlatforms) = postSolution
		{BAFBEC6D-3CEA-418B-80A5-140204C6CE11}.Debug|Any CPU.ActiveCfg = Debug|Any CPU
		{BAFBEC6D-3CEA-418B-80A5-140204C6CE11}.Debug|Any CPU.Build.0 = Debug|Any CPU
		{BAFBEC6D-3CEA-418B-80A5-140204C6CE11}.Release|Any CPU.ActiveCfg = Release|Any CPU
		{BAFBEC6D-3CEA-418B-80A5-140204C6CE11}.Release|Any CPU.Build.0 = Release|Any CPU
		{7BBFD16A-06F0-4DC9-AA8B-2DF7CA0B1745}.Debug|Any CPU.ActiveCfg = Debug|Any CPU
		{7BBFD16A-06F0-4DC9-AA8B-2DF7CA0B1745}.Debug|Any CPU.Build.0 = Debug|Any CPU
		{7BBFD16A-06F0-4DC9-AA8B-2DF7CA0B1745}.Release|Any CPU.ActiveCfg = Release|Any CPU
		{7BBFD16A-06F0-4DC9-AA8B-2DF7CA0B1745}.Release|Any CPU.Build.0 = Release|Any CPU
		{1EDF6CF9-DC02-4F55-8211-9BD8159976D8}.Debug|Any CPU.ActiveCfg = Debug|Any CPU
		{1EDF6CF9-DC02-4F55-8211-9BD8159976D8}.Debug|Any CPU.Build.0 = Debug|Any CPU
		{1EDF6CF9-DC02-4F55-8211-9BD8159976D8}.Release|Any CPU.ActiveCfg = Release|Any CPU
		{1EDF6CF9-DC02-4F55-8211-9BD8159976D8}.Release|Any CPU.Build.0 = Release|Any CPU
		{C73950CB-9312-449B-A9B7-7CF035AFCDE4}.Debug|Any CPU.ActiveCfg = Debug|Any CPU
		{C73950CB-9312-449B-A9B7-7CF035AFCDE4}.Debug|Any CPU.Build.0 = Debug|Any CPU
		{C73950CB-9312-449B-A9B7-7CF035AFCDE4}.Release|Any CPU.ActiveCfg = Release|Any CPU
		{C73950CB-9312-449B-A9B7-7CF035AFCDE4}.Release|Any CPU.Build.0 = Release|Any CPU
	EndGlobalSection
	GlobalSection(SolutionProperties) = preSolution
		HideSolutionNode = FALSE
	EndGlobalSection
	GlobalSection(ExtensibilityGlobals) = postSolution
		SolutionGuid = {E51CC036-831A-4F31-82B0-862149A82F33}
	EndGlobalSection
EndGlobal
